
Microsoft Visual Studio Solution File, Format Version 12.00
# Visual Studio 15
VisualStudioVersion = 15.0.27428.2002
MinimumVisualStudioVersion = 10.0.40219.1
Project("{FAE04EC0-301F-11D3-BF4B-00C04F79EFBC}") = "MPSL", "MPSL\MPSL.csproj", "{088D0C88-8075-4B43-B278-D8AFE9924996}"
EndProject
Global
	GlobalSection(SolutionConfigurationPlatforms) = preSolution
		Debug|Any CPU = Debug|Any CPU
		Release|Any CPU = Release|Any CPU
	EndGlobalSection
	GlobalSection(ProjectConfigurationPlatforms) = postSolution
		{088D0C88-8075-4B43-B278-D8AFE9924996}.Debug|Any CPU.ActiveCfg = Debug|Any CPU
		{088D0C88-8075-4B43-B278-D8AFE9924996}.Debug|Any CPU.Build.0 = Debug|Any CPU
		{088D0C88-8075-4B43-B278-D8AFE9924996}.Release|Any CPU.ActiveCfg = Release|Any CPU
		{088D0C88-8075-4B43-B278-D8AFE9924996}.Release|Any CPU.Build.0 = Release|Any CPU
	EndGlobalSection
	GlobalSection(SolutionProperties) = preSolution
		HideSolutionNode = FALSE
	EndGlobalSection
	GlobalSection(ExtensibilityGlobals) = postSolution
		SolutionGuid = {42E1DD1D-6F51-4130-AAF1-1399ACA70A39}
	EndGlobalSection
EndGlobal
