
Microsoft Visual Studio Solution File, Format Version 12.00
# Visual Studio 15
VisualStudioVersion = 15.0.27130.2036
MinimumVisualStudioVersion = 10.0.40219.1
Project("{9A19103F-16F7-4668-BE54-9A1E7A4F7556}") = "TermProject", "MagicPonySparkleLand\TermProject.csproj", "{5BA4534F-6E36-45E2-BD00-00BEDD53B505}"
EndProject
Global
	GlobalSection(SolutionConfigurationPlatforms) = preSolution
		Debug|Any CPU = Debug|Any CPU
		Release|Any CPU = Release|Any CPU
	EndGlobalSection
	GlobalSection(ProjectConfigurationPlatforms) = postSolution
		{5BA4534F-6E36-45E2-BD00-00BEDD53B505}.Debug|Any CPU.ActiveCfg = Debug|Any CPU
		{5BA4534F-6E36-45E2-BD00-00BEDD53B505}.Debug|Any CPU.Build.0 = Debug|Any CPU
		{5BA4534F-6E36-45E2-BD00-00BEDD53B505}.Release|Any CPU.ActiveCfg = Release|Any CPU
		{5BA4534F-6E36-45E2-BD00-00BEDD53B505}.Release|Any CPU.Build.0 = Release|Any CPU
	EndGlobalSection
	GlobalSection(SolutionProperties) = preSolution
		HideSolutionNode = FALSE
	EndGlobalSection
	GlobalSection(ExtensibilityGlobals) = postSolution
		SolutionGuid = {8CE6D8C3-65F3-430D-BA01-F02CC1F2E054}
	EndGlobalSection
EndGlobal
