
Microsoft Visual Studio Solution File, Format Version 12.00
# Visual Studio 15
VisualStudioVersion = 15.0.27428.2005
MinimumVisualStudioVersion = 10.0.40219.1
Project("{FAE04EC0-301F-11D3-BF4B-00C04F79EFBC}") = "Streamline", "Streamline\Streamline.csproj", "{B38627D6-95FA-4372-84B7-1C3F1351DDF9}"
EndProject
Global
	GlobalSection(SolutionConfigurationPlatforms) = preSolution
		Debug|Any CPU = Debug|Any CPU
		Release|Any CPU = Release|Any CPU
	EndGlobalSection
	GlobalSection(ProjectConfigurationPlatforms) = postSolution
		{B38627D6-95FA-4372-84B7-1C3F1351DDF9}.Debug|Any CPU.ActiveCfg = Debug|Any CPU
		{B38627D6-95FA-4372-84B7-1C3F1351DDF9}.Debug|Any CPU.Build.0 = Debug|Any CPU
		{B38627D6-95FA-4372-84B7-1C3F1351DDF9}.Release|Any CPU.ActiveCfg = Release|Any CPU
		{B38627D6-95FA-4372-84B7-1C3F1351DDF9}.Release|Any CPU.Build.0 = Release|Any CPU
	EndGlobalSection
	GlobalSection(SolutionProperties) = preSolution
		HideSolutionNode = FALSE
	EndGlobalSection
	GlobalSection(ExtensibilityGlobals) = postSolution
		SolutionGuid = {A1B67EC9-31F1-4400-9B9D-D72001AB62DB}
	EndGlobalSection
EndGlobal
